
Microsoft Visual Studio Solution File, Format Version 12.00
# Visual Studio 15
VisualStudioVersion = 15.0.27703.2042
MinimumVisualStudioVersion = 10.0.40219.1
Project("{FAE04EC0-301F-11D3-BF4B-00C04F79EFBC}") = "GitTesting", "GitTesting\GitTesting.csproj", "{A56F45DC-EE9B-4183-B197-3879A3B9DAC2}"
EndProject
Global
	GlobalSection(SolutionConfigurationPlatforms) = preSolution
		Debug|Any CPU = Debug|Any CPU
		Release|Any CPU = Release|Any CPU
	EndGlobalSection
	GlobalSection(ProjectConfigurationPlatforms) = postSolution
		{A56F45DC-EE9B-4183-B197-3879A3B9DAC2}.Debug|Any CPU.ActiveCfg = Debug|Any CPU
		{A56F45DC-EE9B-4183-B197-3879A3B9DAC2}.Debug|Any CPU.Build.0 = Debug|Any CPU
		{A56F45DC-EE9B-4183-B197-3879A3B9DAC2}.Release|Any CPU.ActiveCfg = Release|Any CPU
		{A56F45DC-EE9B-4183-B197-3879A3B9DAC2}.Release|Any CPU.Build.0 = Release|Any CPU
	EndGlobalSection
	GlobalSection(SolutionProperties) = preSolution
		HideSolutionNode = FALSE
	EndGlobalSection
	GlobalSection(ExtensibilityGlobals) = postSolution
		SolutionGuid = {B0E64549-6C9F-4350-BEED-01C97EEAD23D}
	EndGlobalSection
EndGlobal
